lockfileVersion: '9.0'

settings:
  autoInstallPeers: true
  excludeLinksFromLockfile: false

importers:

  .:
    devDependencies:
      '@drashland/rhum':
        specifier: ^2.2.0
        version: 2.2.0
      '@permaweb/aoconnect':
        specifier: ~0.x
        version: 0.0.53

packages:

  '@drashland/rhum@2.2.0':
    resolution: {integrity: sha512-l8nuDS4b1LSaVViLTHTIYcanc4J5lAK/3EMFLBx/7Qz7XYHsFnaRau0oidrWE6velcLLVNUH5Gs9MFcz0wlMtQ==}

  '@fastify/busboy@2.1.1':
    resolution: {integrity: sha512-vBZP4NlzfOlerQTnba4aqZoMhE/a9HY7HRqoOPaETQcSQuWEIyZMHGfVu6w9wGtGK5fED5qRs2DteVCjOH60sA==}
    engines: {node: '>=14'}

  '@permaweb/ao-scheduler-utils@0.0.19':
    resolution: {integrity: sha512-xwIe9FqQ1UZxEYWvSGJDONz0xr4vDq2Ny1NeRUiO0dKYoonShN+oI1ULgrHocKOjOPNEgRX70vMCKGLe+3x70A==}
    engines: {node: '>=18'}

  '@permaweb/aoconnect@0.0.53':
    resolution: {integrity: sha512-AFfuTBU35d82JzwfHlHMJaHTB544LO2laK6lRSEaemD/Q2YDdqA/Nje7EattksB+GNUMwPbRG9WZjsIGS/ZsdA==}
    engines: {node: '>=18'}

  arconnect@0.4.2:
    resolution: {integrity: sha512-Jkpd4QL3TVqnd3U683gzXmZUVqBUy17DdJDuL/3D9rkysLgX6ymJ2e+sR+xyZF5Rh42CBqDXWNMmCjBXeP7Gbw==}

  arweave@1.15.1:
    resolution: {integrity: sha512-rT7FOwqdudd5npqp4xOYdDT2035LtpcqePjwirh4wjRiEtVsz1FZkRiM2Yj+fOAwYzOm/hNG0GDOipDSaiEGGQ==}
    engines: {node: '>=18'}

  asn1.js@5.4.1:
    resolution: {integrity: sha512-+I//4cYPccV8LdmBLiX8CYvf9Sp3vQsrqu2QNXRcrbiWvcx/UdlFiqUJJzxRQxgsZmvhXhn4cSKeSmoFjVdupA==}

  base64-js@1.5.1:
    resolution: {integrity: sha512-AKpaYlHn8t4SVbOHCy+b5+KKgvR4vrsD8vbvrbiQJps7fKDTkjkDry6ji0rUJjC0kzbNePLwzxq8iypo41qeWA==}

  base64url@3.0.1:
    resolution: {integrity: sha512-ir1UPr3dkwexU7FdV8qBBbNDRUhMmIekYMFZfi+C/sLNnRESKPl23nB9b2pltqfOQNnGzsDdId90AEtG5tCx4A==}
    engines: {node: '>=6.0.0'}

  bignumber.js@9.1.2:
    resolution: {integrity: sha512-2/mKyZH9K85bzOEfhXDBFZTGd1CTs+5IHpeFQo9luiBG7hghdC851Pj2WAhb6E3R6b9tZj/XKhbg4fum+Kepug==}

  bn.js@4.12.0:
    resolution: {integrity: sha512-c98Bf3tPniI+scsdk237ku1Dc3ujXQTSgyiPUDEOe7tRkhrqridvh8klBv0HCEso1OLOYcHuCv/cS6DNxKH+ZA==}

  buffer@6.0.3:
    resolution: {integrity: sha512-FTiCpNxtwiZZHEZbcbTIcZjERVICn9yq/pDFkTl95/AxzD1naBctN7YO68riM/gLSDY7sdrMby8hofADYuuqOA==}

  debug@4.3.4:
    resolution: {integrity: sha512-PRWFHuSU3eDtQJPvnNY7Jcket1j0t5OuOsFzPPzsekD52Zl8qUfFIPEiswXqIvHWGVHOgX+7G/vCNNhehwxfkQ==}
    engines: {node: '>=6.0'}
    peerDependencies:
      supports-color: '*'
    peerDependenciesMeta:
      supports-color:
        optional: true

  hyper-async@1.1.2:
    resolution: {integrity: sha512-cnpOgKa+5FZOaccTtjduac1FrZuSc38/ftCp3vYJdUMt+7c+uvGDKLDK4MTNK8D3aFjIeveVrPcSgUPvzZLopg==}

  ieee754@1.2.1:
    resolution: {integrity: sha512-dcyqhDvX1C46lXZcVqCpK+FtMRQVdIMN6/Df5js2zouUsqG7I6sFxitIC+7KYK29KdXOLHdu9zL4sFnoVQnqaA==}

  inherits@2.0.4:
    resolution: {integrity: sha512-k/vGaX4/Yla3WzyMCvTQOXYeIHvqOKtnqBduzTHpzpQZzAskKMhZ2K+EnBiSM9zGSoIFeMpXKxa4dYeZIQqewQ==}

  lru-cache@10.2.2:
    resolution: {integrity: sha512-9hp3Vp2/hFQUiIwKo8XCeFVnrg8Pk3TYNPIR7tJADKi5YfcF7vEaK7avFHTlSy3kOKYaJQaalfEo6YuXdceBOQ==}
    engines: {node: 14 || >=16.14}

  minimalistic-assert@1.0.1:
    resolution: {integrity: sha512-UtJcAD4yEaGtjPezWuO9wC4nwUnVH/8/Im3yEHQP4b67cXlD/Qr9hdITCU1xDbSEXg2XKNaP8jsReV7vQd00/A==}

  mnemonist@0.39.8:
    resolution: {integrity: sha512-vyWo2K3fjrUw8YeeZ1zF0fy6Mu59RHokURlld8ymdUPjMlD9EC9ov1/YPqTgqRvUN9nTr3Gqfz29LYAmu0PHPQ==}

  ms@2.1.2:
    resolution: {integrity: sha512-sGkPx+VjMtmA6MX27oA4FBFELFCZZ4S4XqeGOXCv68tT+jb3vk/RyaKWP0PTKyWtmLSM0b+adUTEvbs1PEaH2w==}

  obliterator@2.0.4:
    resolution: {integrity: sha512-lgHwxlxV1qIg1Eap7LgIeoBWIMFibOjbrYPIPJZcI1mmGAI2m3lNYpK12Y+GBdPQ0U1hRwSord7GIaawz962qQ==}

  ramda@0.29.1:
    resolution: {integrity: sha512-OfxIeWzd4xdUNxlWhgFazxsA/nl3mS4/jGZI5n00uWOoSSFRhC1b6gl6xvmzUamgmqELraWp0J/qqVlXYPDPyA==}

  ramda@0.30.0:
    resolution: {integrity: sha512-13Y0iMhIQuAm/wNGBL/9HEqIfRGmNmjKnTPlKWfA9f7dnDkr8d45wQ+S7+ZLh/Pq9PdcGxkqKUEA7ySu1QSd9Q==}

  safer-buffer@2.1.2:
    resolution: {integrity: sha512-YZo3K82SD7Riyi0E1EQPojLz7kpepnSQI9IyPbHHg1XXXevb5dJI7tpyN2ADxGcQbHG7vcyRHk0cbwqcQriUtg==}

  undici@5.28.4:
    resolution: {integrity: sha512-72RFADWFqKmUb2hmmvNODKL3p9hcB6Gt2DOQMis1SEBaV6a4MH8soBvzg+95CYhCKPFedut2JY9bMfrDl9D23g==}
    engines: {node: '>=14.0'}

  warp-arbundles@1.0.4:
    resolution: {integrity: sha512-KeRac/EJ7VOK+v5+PSMh2SrzpCKOAFnJICLlqZWt6qPkDCzVwcrNE5wFxOlEk5U170ewMDAB3e86UHUblevXpw==}

  warp-isomorphic@1.0.7:
    resolution: {integrity: sha512-fXHbUXwdYqPm9fRPz8mjv5ndPco09aMQuTe4kXfymzOq8V6F3DLsg9cIafxvjms9/mc6eijzkLBJ63yjEENEjA==}
    engines: {node: '>=16.8.0'}

  zod@3.23.7:
    resolution: {integrity: sha512-NBeIoqbtOiUMomACV/y+V3Qfs9+Okr18vR5c/5pHClPpufWOrsx8TENboDPe265lFdfewX2yBtNTLPvnmCxwog==}

snapshots:

  '@drashland/rhum@2.2.0': {}

  '@fastify/busboy@2.1.1': {}

  '@permaweb/ao-scheduler-utils@0.0.19':
    dependencies:
      lru-cache: 10.2.2
      ramda: 0.30.0
      zod: 3.23.7

  '@permaweb/aoconnect@0.0.53':
    dependencies:
      '@permaweb/ao-scheduler-utils': 0.0.19
      buffer: 6.0.3
      debug: 4.3.4
      hyper-async: 1.1.2
      mnemonist: 0.39.8
      ramda: 0.29.1
      warp-arbundles: 1.0.4
      zod: 3.23.7
    transitivePeerDependencies:
      - supports-color

  arconnect@0.4.2:
    dependencies:
      arweave: 1.15.1

  arweave@1.15.1:
    dependencies:
      arconnect: 0.4.2
      asn1.js: 5.4.1
      base64-js: 1.5.1
      bignumber.js: 9.1.2

  asn1.js@5.4.1:
    dependencies:
      bn.js: 4.12.0
      inherits: 2.0.4
      minimalistic-assert: 1.0.1
      safer-buffer: 2.1.2

  base64-js@1.5.1: {}

  base64url@3.0.1: {}

  bignumber.js@9.1.2: {}

  bn.js@4.12.0: {}

  buffer@6.0.3:
    dependencies:
      base64-js: 1.5.1
      ieee754: 1.2.1

  debug@4.3.4:
    dependencies:
      ms: 2.1.2

  hyper-async@1.1.2: {}

  ieee754@1.2.1: {}

  inherits@2.0.4: {}

  lru-cache@10.2.2: {}

  minimalistic-assert@1.0.1: {}

  mnemonist@0.39.8:
    dependencies:
      obliterator: 2.0.4

  ms@2.1.2: {}

  obliterator@2.0.4: {}

  ramda@0.29.1: {}

  ramda@0.30.0: {}

  safer-buffer@2.1.2: {}

  undici@5.28.4:
    dependencies:
      '@fastify/busboy': 2.1.1

  warp-arbundles@1.0.4:
    dependencies:
      arweave: 1.15.1
      base64url: 3.0.1
      buffer: 6.0.3
      warp-isomorphic: 1.0.7

  warp-isomorphic@1.0.7:
    dependencies:
      buffer: 6.0.3
      undici: 5.28.4

  zod@3.23.7: {}
